
Microsoft Visual Studio Solution File, Format Version 12.00
# Visual Studio 15
VisualStudioVersion = 15.0.28307.705
MinimumVisualStudioVersion = 10.0.40219.1
Project("{F184B08F-C81C-45F6-A57F-5ABD9991F28F}") = "ControlInventario", "ControlInventario\ControlInventario.vbproj", "{49CCD9F9-DFF2-457F-A444-450E9F538EB7}"
EndProject
Global
	GlobalSection(SolutionConfigurationPlatforms) = preSolution
		Debug|Any CPU = Debug|Any CPU
		Release|Any CPU = Release|Any CPU
	EndGlobalSection
	GlobalSection(ProjectConfigurationPlatforms) = postSolution
		{49CCD9F9-DFF2-457F-A444-450E9F538EB7}.Debug|Any CPU.ActiveCfg = Debug|Any CPU
		{49CCD9F9-DFF2-457F-A444-450E9F538EB7}.Debug|Any CPU.Build.0 = Debug|Any CPU
		{49CCD9F9-DFF2-457F-A444-450E9F538EB7}.Release|Any CPU.ActiveCfg = Release|Any CPU
		{49CCD9F9-DFF2-457F-A444-450E9F538EB7}.Release|Any CPU.Build.0 = Release|Any CPU
	EndGlobalSection
	GlobalSection(SolutionProperties) = preSolution
		HideSolutionNode = FALSE
	EndGlobalSection
	GlobalSection(ExtensibilityGlobals) = postSolution
		SolutionGuid = {8F3C5ED1-909C-4D03-A4EE-3BD880B6E7BB}
	EndGlobalSection
EndGlobal
